
Microsoft Visual Studio Solution File, Format Version 12.00
# Visual Studio Version 17
VisualStudioVersion = 17.4.33103.184
MinimumVisualStudioVersion = 10.0.40219.1
Project("{9A19103F-16F7-4668-BE54-9A1E7A4F7556}") = "BusinessLogic", "BusinessLogic.csproj", "{A159C7EB-87D5-4252-B5ED-2370DBB8EDB3}"
EndProject
Project("{9A19103F-16F7-4668-BE54-9A1E7A4F7556}") = "DataAccess", "..\DataAccess\DataAccess.csproj", "{60C54E12-0580-4FA1-9A42-09EAE9E64B7C}"
EndProject
Project("{9A19103F-16F7-4668-BE54-9A1E7A4F7556}") = "MediaBazaarApp", "..\MediaBazaarApp\MediaBazaarApp.csproj", "{1CEE0420-F765-49B8-940B-FF5C0309A937}"
EndProject
Project("{9A19103F-16F7-4668-BE54-9A1E7A4F7556}") = "MediaBazaarWeb", "..\MediaBazaarWeb\MediaBazaarWeb.csproj", "{0D4AAF21-AC6A-4A97-AB32-F1BC0914809C}"
EndProject
Project("{FAE04EC0-301F-11D3-BF4B-00C04F79EFBC}") = "TestProject1", "..\TestProject1\TestProject1.csproj", "{F6A6DB4A-B092-4739-B94F-41C0788F7012}"
EndProject
Global
	GlobalSection(SolutionConfigurationPlatforms) = preSolution
		Debug|Any CPU = Debug|Any CPU
		Release|Any CPU = Release|Any CPU
	EndGlobalSection
	GlobalSection(ProjectConfigurationPlatforms) = postSolution
		{A159C7EB-87D5-4252-B5ED-2370DBB8EDB3}.Debug|Any CPU.ActiveCfg = Debug|Any CPU
		{A159C7EB-87D5-4252-B5ED-2370DBB8EDB3}.Debug|Any CPU.Build.0 = Debug|Any CPU
		{A159C7EB-87D5-4252-B5ED-2370DBB8EDB3}.Release|Any CPU.ActiveCfg = Release|Any CPU
		{A159C7EB-87D5-4252-B5ED-2370DBB8EDB3}.Release|Any CPU.Build.0 = Release|Any CPU
		{60C54E12-0580-4FA1-9A42-09EAE9E64B7C}.Debug|Any CPU.ActiveCfg = Debug|Any CPU
		{60C54E12-0580-4FA1-9A42-09EAE9E64B7C}.Debug|Any CPU.Build.0 = Debug|Any CPU
		{60C54E12-0580-4FA1-9A42-09EAE9E64B7C}.Release|Any CPU.ActiveCfg = Release|Any CPU
		{60C54E12-0580-4FA1-9A42-09EAE9E64B7C}.Release|Any CPU.Build.0 = Release|Any CPU
		{1CEE0420-F765-49B8-940B-FF5C0309A937}.Debug|Any CPU.ActiveCfg = Debug|Any CPU
		{1CEE0420-F765-49B8-940B-FF5C0309A937}.Debug|Any CPU.Build.0 = Debug|Any CPU
		{1CEE0420-F765-49B8-940B-FF5C0309A937}.Release|Any CPU.ActiveCfg = Release|Any CPU
		{1CEE0420-F765-49B8-940B-FF5C0309A937}.Release|Any CPU.Build.0 = Release|Any CPU
		{0D4AAF21-AC6A-4A97-AB32-F1BC0914809C}.Debug|Any CPU.ActiveCfg = Debug|Any CPU
		{0D4AAF21-AC6A-4A97-AB32-F1BC0914809C}.Debug|Any CPU.Build.0 = Debug|Any CPU
		{0D4AAF21-AC6A-4A97-AB32-F1BC0914809C}.Release|Any CPU.ActiveCfg = Release|Any CPU
		{0D4AAF21-AC6A-4A97-AB32-F1BC0914809C}.Release|Any CPU.Build.0 = Release|Any CPU
		{F6A6DB4A-B092-4739-B94F-41C0788F7012}.Debug|Any CPU.ActiveCfg = Debug|Any CPU
		{F6A6DB4A-B092-4739-B94F-41C0788F7012}.Debug|Any CPU.Build.0 = Debug|Any CPU
		{F6A6DB4A-B092-4739-B94F-41C0788F7012}.Release|Any CPU.ActiveCfg = Release|Any CPU
		{F6A6DB4A-B092-4739-B94F-41C0788F7012}.Release|Any CPU.Build.0 = Release|Any CPU
	EndGlobalSection
	GlobalSection(SolutionProperties) = preSolution
		HideSolutionNode = FALSE
	EndGlobalSection
	GlobalSection(ExtensibilityGlobals) = postSolution
		SolutionGuid = {2DCDBBAA-4E4A-42C4-A04B-549C97D2F5B2}
	EndGlobalSection
EndGlobal
